// !$*UTF8*$!
{
	archiveVersion = 1;
	classes = {
	};
	objectVersion = 46;
	objects = {

/* Begin PBXBuildFile section */
		FF2CA4F41B5C0389005EE193 /* main.m in Sources */ = {isa = PBXBuildFile; fileRef = FF2CA4F31B5C0389005EE193 /* main.m */; };
		FF2CA4F71B5C0389005EE193 /* AppDelegate.m in Sources */ = {isa = PBXBuildFile; fileRef = FF2CA4F61B5C0389005EE193 /* AppDelegate.m */; };
		FF2CA4FA1B5C0389005EE193 /* SpeakViewController.m in Sources */ = {isa = PBXBuildFile; fileRef = FF2CA4F91B5C0389005EE193 /* SpeakViewController.m */; };
		FF2CA4FD1B5C0389005EE193 /* RobotViewsViewController.m in Sources */ = {isa = PBXBuildFile; fileRef = FF2CA4FC1B5C0389005EE193 /* RobotViewsViewController.m */; };
		FF2CA5001B5C0389005EE193 /* Main.storyboard in Resources */ = {isa = PBXBuildFile; fileRef = FF2CA4FE1B5C0389005EE193 /* Main.storyboard */; };
		FF2CA5021B5C0389005EE193 /* Images.xcassets in Resources */ = {isa = PBXBuildFile; fileRef = FF2CA5011B5C0389005EE193 /* Images.xcassets */; };
		FF2CA5051B5C0389005EE193 /* LaunchScreen.xib in Resources */ = {isa = PBXBuildFile; fileRef = FF2CA5031B5C0389005EE193 /* LaunchScreen.xib */; };
		FF2CA5111B5C0389005EE193 /* IOLTests.m in Sources */ = {isa = PBXBuildFile; fileRef = FF2CA5101B5C0389005EE193 /* IOLTests.m */; };
		FFCCDB481B60D38C0005207A /* PreferencesViewController.m in Sources */ = {isa = PBXBuildFile; fileRef = FFCCDB471B60D38C0005207A /* PreferencesViewController.m */; };
		FFCCDB4D1B60D8900005207A /* AcousticModelEnglish.bundle in Resources */ = {isa = PBXBuildFile; fileRef = FFCCDB4C1B60D8900005207A /* AcousticModelEnglish.bundle */; };
		FFDBD7B81B5CDF530085441C /* AVFoundation.framework in Frameworks */ = {isa = PBXBuildFile; fileRef = FFDBD7B71B5CDF530085441C /* AVFoundation.framework */; };
		FFDBD7BA1B5CDF5D0085441C /* AudioToolbox.framework in Frameworks */ = {isa = PBXBuildFile; fileRef = FFDBD7B91B5CDF5D0085441C /* AudioToolbox.framework */; };
		FFDBD7BD1B5CE0C00085441C /* OpenEars.framework in Frameworks */ = {isa = PBXBuildFile; fileRef = FFDBD7BC1B5CE0C00085441C /* OpenEars.framework */; };
/* End PBXBuildFile section */

/* Begin PBXContainerItemProxy section */
		FF2CA50B1B5C0389005EE193 /* PBXContainerItemProxy */ = {
			isa = PBXContainerItemProxy;
			containerPortal = FF2CA4E61B5C0389005EE193 /* Project object */;
			proxyType = 1;
			remoteGlobalIDString = FF2CA4ED1B5C0389005EE193;
			remoteInfo = IOL;
		};
/* End PBXContainerItemProxy section */

/* Begin PBXFileReference section */
		FF2CA4EE1B5C0389005EE193 /* IOL.app */ = {isa = PBXFileReference; explicitFileType = wrapper.application; includeInIndex = 0; path = IOL.app; sourceTree = BUILT_PRODUCTS_DIR; };
		FF2CA4F21B5C0389005EE193 /* Info.plist */ = {isa = PBXFileReference; lastKnownFileType = text.plist.xml; path = Info.plist; sourceTree = "<group>"; };
		FF2CA4F31B5C0389005EE193 /* main.m */ = {isa = PBXFileReference; lastKnownFileType = sourcecode.c.objc; path = main.m; sourceTree = "<group>"; };
		FF2CA4F51B5C0389005EE193 /* AppDelegate.h */ = {isa = PBXFileReference; lastKnownFileType = sourcecode.c.h; path = AppDelegate.h; sourceTree = "<group>"; };
		FF2CA4F61B5C0389005EE193 /* AppDelegate.m */ = {isa = PBXFileReference; lastKnownFileType = sourcecode.c.objc; path = AppDelegate.m; sourceTree = "<group>"; };
		FF2CA4F81B5C0389005EE193 /* SpeakViewController.h */ = {isa = PBXFileReference; lastKnownFileType = sourcecode.c.h; path = SpeakViewController.h; sourceTree = "<group>"; };
		FF2CA4F91B5C0389005EE193 /* SpeakViewController.m */ = {isa = PBXFileReference; lastKnownFileType = sourcecode.c.objc; path = SpeakViewController.m; sourceTree = "<group>"; };
		FF2CA4FB1B5C0389005EE193 /* RobotViewsViewController.h */ = {isa = PBXFileReference; lastKnownFileType = sourcecode.c.h; path = RobotViewsViewController.h; sourceTree = "<group>"; };
		FF2CA4FC1B5C0389005EE193 /* RobotViewsViewController.m */ = {isa = PBXFileReference; lastKnownFileType = sourcecode.c.objc; path = RobotViewsViewController.m; sourceTree = "<group>"; };
		FF2CA4FF1B5C0389005EE193 /* Base */ = {isa = PBXFileReference; lastKnownFileType = file.storyboard; name = Base; path = Base.lproj/Main.storyboard; sourceTree = "<group>"; };
		FF2CA5011B5C0389005EE193 /* Images.xcassets */ = {isa = PBXFileReference; lastKnownFileType = folder.assetcatalog; path = Images.xcassets; sourceTree = "<group>"; };
		FF2CA5041B5C0389005EE193 /* Base */ = {isa = PBXFileReference; lastKnownFileType = file.xib; name = Base; path = Base.lproj/LaunchScreen.xib; sourceTree = "<group>"; };
		FF2CA50A1B5C0389005EE193 /* IOLTests.xctest */ = {isa = PBXFileReference; explicitFileType = wrapper.cfbundle; includeInIndex = 0; path = IOLTests.xctest; sourceTree = BUILT_PRODUCTS_DIR; };
		FF2CA50F1B5C0389005EE193 /* Info.plist */ = {isa = PBXFileReference; lastKnownFileType = text.plist.xml; path = Info.plist; sourceTree = "<group>"; };
		FF2CA5101B5C0389005EE193 /* IOLTests.m */ = {isa = PBXFileReference; lastKnownFileType = sourcecode.c.objc; path = IOLTests.m; sourceTree = "<group>"; };
		FFCCDB461B60D38C0005207A /* PreferencesViewController.h */ = {isa = PBXFileReference; fileEncoding = 4; lastKnownFileType = sourcecode.c.h; path = PreferencesViewController.h; sourceTree = "<group>"; };
		FFCCDB471B60D38C0005207A /* PreferencesViewController.m */ = {isa = PBXFileReference; fileEncoding = 4; lastKnownFileType = sourcecode.c.objc; path = PreferencesViewController.m; sourceTree = "<group>"; };
		FFCCDB4C1B60D8900005207A /* AcousticModelEnglish.bundle */ = {isa = PBXFileReference; lastKnownFileType = "wrapper.plug-in"; path = AcousticModelEnglish.bundle; sourceTree = "<group>"; };
		FFDBD7B71B5CDF530085441C /* AVFoundation.framework */ = {isa = PBXFileReference; lastKnownFileType = wrapper.framework; name = AVFoundation.framework; path = System/Library/Frameworks/AVFoundation.framework; sourceTree = SDKROOT; };
		FFDBD7B91B5CDF5D0085441C /* AudioToolbox.framework */ = {isa = PBXFileReference; lastKnownFileType = wrapper.framework; name = AudioToolbox.framework; path = System/Library/Frameworks/AudioToolbox.framework; sourceTree = SDKROOT; };
		FFDBD7BC1B5CE0C00085441C /* OpenEars.framework */ = {isa = PBXFileReference; lastKnownFileType = wrapper.framework; name = OpenEars.framework; path = Frameworks/OpenEars.framework; sourceTree = "<group>"; };
/* End PBXFileReference section */

/* Begin PBXFrameworksBuildPhase section */
		FF2CA4EB1B5C0389005EE193 /* Frameworks */ = {
			isa = PBXFrameworksBuildPhase;
			buildActionMask = 2147483647;
			files = (
				FFDBD7BA1B5CDF5D0085441C /* AudioToolbox.framework in Frameworks */,
				FFDBD7B81B5CDF530085441C /* AVFoundation.framework in Frameworks */,
				FFDBD7BD1B5CE0C00085441C /* OpenEars.framework in Frameworks */,
			);
			runOnlyForDeploymentPostprocessing = 0;
		};
		FF2CA5071B5C0389005EE193 /* Frameworks */ = {
			isa = PBXFrameworksBuildPhase;
			buildActionMask = 2147483647;
			files = (
			);
			runOnlyForDeploymentPostprocessing = 0;
		};
/* End PBXFrameworksBuildPhase section */

/* Begin PBXGroup section */
		FF2CA4E51B5C0389005EE193 = {
			isa = PBXGroup;
			children = (
				FF2CA4F01B5C0389005EE193 /* IOL */,
				FF2CA50D1B5C0389005EE193 /* IOLTests */,
				FFDBD7BB1B5CDF610085441C /* Frameworks */,
				FFCCDB4B1B60D8580005207A /* AcusticModels */,
				FF2CA4EF1B5C0389005EE193 /* Products */,
			);
			sourceTree = "<group>";
		};
		FF2CA4EF1B5C0389005EE193 /* Products */ = {
			isa = PBXGroup;
			children = (
				FF2CA4EE1B5C0389005EE193 /* IOL.app */,
				FF2CA50A1B5C0389005EE193 /* IOLTests.xctest */,
			);
			name = Products;
			sourceTree = "<group>";
		};
		FF2CA4F01B5C0389005EE193 /* IOL */ = {
			isa = PBXGroup;
			children = (
				FF2CA4F51B5C0389005EE193 /* AppDelegate.h */,
				FF2CA4F61B5C0389005EE193 /* AppDelegate.m */,
				FFCCDB491B60D3CE0005207A /* ViewControllers */,
				FF2CA4FE1B5C0389005EE193 /* Main.storyboard */,
				FF2CA5011B5C0389005EE193 /* Images.xcassets */,
				FF2CA5031B5C0389005EE193 /* LaunchScreen.xib */,
				FF2CA4F11B5C0389005EE193 /* Supporting Files */,
			);
			path = IOL;
			sourceTree = "<group>";
		};
		FF2CA4F11B5C0389005EE193 /* Supporting Files */ = {
			isa = PBXGroup;
			children = (
				FF2CA4F21B5C0389005EE193 /* Info.plist */,
				FF2CA4F31B5C0389005EE193 /* main.m */,
			);
			name = "Supporting Files";
			sourceTree = "<group>";
		};
		FF2CA50D1B5C0389005EE193 /* IOLTests */ = {
			isa = PBXGroup;
			children = (
				FF2CA5101B5C0389005EE193 /* IOLTests.m */,
				FF2CA50E1B5C0389005EE193 /* Supporting Files */,
			);
			path = IOLTests;
			sourceTree = "<group>";
		};
		FF2CA50E1B5C0389005EE193 /* Supporting Files */ = {
			isa = PBXGroup;
			children = (
				FF2CA50F1B5C0389005EE193 /* Info.plist */,
			);
			name = "Supporting Files";
			sourceTree = "<group>";
		};
		FFCCDB491B60D3CE0005207A /* ViewControllers */ = {
			isa = PBXGroup;
			children = (
				FF2CA4F81B5C0389005EE193 /* SpeakViewController.h */,
				FF2CA4F91B5C0389005EE193 /* SpeakViewController.m */,
				FF2CA4FB1B5C0389005EE193 /* RobotViewsViewController.h */,
				FF2CA4FC1B5C0389005EE193 /* RobotViewsViewController.m */,
				FFCCDB461B60D38C0005207A /* PreferencesViewController.h */,
				FFCCDB471B60D38C0005207A /* PreferencesViewController.m */,
			);
			path = ViewControllers;
			sourceTree = "<group>";
		};
		FFCCDB4B1B60D8580005207A /* AcusticModels */ = {
			isa = PBXGroup;
			children = (
				FFCCDB4C1B60D8900005207A /* AcousticModelEnglish.bundle */,
			);
			path = AcusticModels;
			sourceTree = "<group>";
		};
		FFDBD7BB1B5CDF610085441C /* Frameworks */ = {
			isa = PBXGroup;
			children = (
				FFDBD7BC1B5CE0C00085441C /* OpenEars.framework */,
				FFDBD7B91B5CDF5D0085441C /* AudioToolbox.framework */,
				FFDBD7B71B5CDF530085441C /* AVFoundation.framework */,
			);
			name = Frameworks;
			sourceTree = "<group>";
		};
/* End PBXGroup section */

/* Begin PBXNativeTarget section */
		FF2CA4ED1B5C0389005EE193 /* IOL */ = {
			isa = PBXNativeTarget;
			buildConfigurationList = FF2CA5141B5C0389005EE193 /* Build configuration list for PBXNativeTarget "IOL" */;
			buildPhases = (
				FF2CA4EA1B5C0389005EE193 /* Sources */,
				FF2CA4EB1B5C0389005EE193 /* Frameworks */,
				FF2CA4EC1B5C0389005EE193 /* Resources */,
			);
			buildRules = (
			);
			dependencies = (
			);
			name = IOL;
			productName = IOL;
			productReference = FF2CA4EE1B5C0389005EE193 /* IOL.app */;
			productType = "com.apple.product-type.application";
		};
		FF2CA5091B5C0389005EE193 /* IOLTests */ = {
			isa = PBXNativeTarget;
			buildConfigurationList = FF2CA5171B5C0389005EE193 /* Build configuration list for PBXNativeTarget "IOLTests" */;
			buildPhases = (
				FF2CA5061B5C0389005EE193 /* Sources */,
				FF2CA5071B5C0389005EE193 /* Frameworks */,
				FF2CA5081B5C0389005EE193 /* Resources */,
			);
			buildRules = (
			);
			dependencies = (
				FF2CA50C1B5C0389005EE193 /* PBXTargetDependency */,
			);
			name = IOLTests;
			productName = IOLTests;
			productReference = FF2CA50A1B5C0389005EE193 /* IOLTests.xctest */;
			productType = "com.apple.product-type.bundle.unit-test";
		};
/* End PBXNativeTarget section */

/* Begin PBXProject section */
		FF2CA4E61B5C0389005EE193 /* Project object */ = {
			isa = PBXProject;
			attributes = {
				LastUpgradeCheck = 0640;
				ORGANIZATIONNAME = "Francesco Romano";
				TargetAttributes = {
					FF2CA4ED1B5C0389005EE193 = {
						CreatedOnToolsVersion = 6.4;
					};
					FF2CA5091B5C0389005EE193 = {
						CreatedOnToolsVersion = 6.4;
						TestTargetID = FF2CA4ED1B5C0389005EE193;
					};
				};
			};
			buildConfigurationList = FF2CA4E91B5C0389005EE193 /* Build configuration list for PBXProject "IOL" */;
			compatibilityVersion = "Xcode 3.2";
			developmentRegion = English;
			hasScannedForEncodings = 0;
			knownRegions = (
				en,
				Base,
			);
			mainGroup = FF2CA4E51B5C0389005EE193;
			productRefGroup = FF2CA4EF1B5C0389005EE193 /* Products */;
			projectDirPath = "";
			projectRoot = "";
			targets = (
				FF2CA4ED1B5C0389005EE193 /* IOL */,
				FF2CA5091B5C0389005EE193 /* IOLTests */,
			);
		};
/* End PBXProject section */

/* Begin PBXResourcesBuildPhase section */
		FF2CA4EC1B5C0389005EE193 /* Resources */ = {
			isa = PBXResourcesBuildPhase;
			buildActionMask = 2147483647;
			files = (
				FF2CA5001B5C0389005EE193 /* Main.storyboard in Resources */,
				FFCCDB4D1B60D8900005207A /* AcousticModelEnglish.bundle in Resources */,
				FF2CA5051B5C0389005EE193 /* LaunchScreen.xib in Resources */,
				FF2CA5021B5C0389005EE193 /* Images.xcassets in Resources */,
			);
			runOnlyForDeploymentPostprocessing = 0;
		};
		FF2CA5081B5C0389005EE193 /* Resources */ = {
			isa = PBXResourcesBuildPhase;
			buildActionMask = 2147483647;
			files = (
			);
			runOnlyForDeploymentPostprocessing = 0;
		};
/* End PBXResourcesBuildPhase section */

/* Begin PBXSourcesBuildPhase section */
		FF2CA4EA1B5C0389005EE193 /* Sources */ = {
			isa = PBXSourcesBuildPhase;
			buildActionMask = 2147483647;
			files = (
				FF2CA4FD1B5C0389005EE193 /* RobotViewsViewController.m in Sources */,
				FF2CA4F71B5C0389005EE193 /* AppDelegate.m in Sources */,
				FFCCDB481B60D38C0005207A /* PreferencesViewController.m in Sources */,
				FF2CA4FA1B5C0389005EE193 /* SpeakViewController.m in Sources */,
				FF2CA4F41B5C0389005EE193 /* main.m in Sources */,
			);
			runOnlyForDeploymentPostprocessing = 0;
		};
		FF2CA5061B5C0389005EE193 /* Sources */ = {
			isa = PBXSourcesBuildPhase;
			buildActionMask = 2147483647;
			files = (
				FF2CA5111B5C0389005EE193 /* IOLTests.m in Sources */,
			);
			runOnlyForDeploymentPostprocessing = 0;
		};
/* End PBXSourcesBuildPhase section */

/* Begin PBXTargetDependency section */
		FF2CA50C1B5C0389005EE193 /* PBXTargetDependency */ = {
			isa = PBXTargetDependency;
			target = FF2CA4ED1B5C0389005EE193 /* IOL */;
			targetProxy = FF2CA50B1B5C0389005EE193 /* PBXContainerItemProxy */;
		};
/* End PBXTargetDependency section */

/* Begin PBXVariantGroup section */
		FF2CA4FE1B5C0389005EE193 /* Main.storyboard */ = {
			isa = PBXVariantGroup;
			children = (
				FF2CA4FF1B5C0389005EE193 /* Base */,
			);
			name = Main.storyboard;
			sourceTree = "<group>";
		};
		FF2CA5031B5C0389005EE193 /* LaunchScreen.xib */ = {
			isa = PBXVariantGroup;
			children = (
				FF2CA5041B5C0389005EE193 /* Base */,
			);
			name = LaunchScreen.xib;
			sourceTree = "<group>";
		};
/* End PBXVariantGroup section */

/* Begin XCBuildConfiguration section */
		FF2CA5121B5C0389005EE193 /* Debug */ = {
			isa = XCBuildConfiguration;
			buildSettings = {
				ALWAYS_SEARCH_USER_PATHS = NO;
				CLANG_CXX_LANGUAGE_STANDARD = "gnu++0x";
				CLANG_CXX_LIBRARY = "libc++";
				CLANG_ENABLE_MODULES = YES;
				CLANG_ENABLE_OBJC_ARC = YES;
				CLANG_WARN_BOOL_CONVERSION = YES;
				CLANG_WARN_CONSTANT_CONVERSION = YES;
				CLANG_WARN_DIRECT_OBJC_ISA_USAGE = YES_ERROR;
				CLANG_WARN_EMPTY_BODY = YES;
				CLANG_WARN_ENUM_CONVERSION = YES;
				CLANG_WARN_INT_CONVERSION = YES;
				CLANG_WARN_OBJC_ROOT_CLASS = YES_ERROR;
				CLANG_WARN_UNREACHABLE_CODE = YES;
				CLANG_WARN__DUPLICATE_METHOD_MATCH = YES;
				"CODE_SIGN_IDENTITY[sdk=iphoneos*]" = "iPhone Developer";
				COPY_PHASE_STRIP = NO;
				DEBUG_INFORMATION_FORMAT = "dwarf-with-dsym";
				ENABLE_STRICT_OBJC_MSGSEND = YES;
				GCC_C_LANGUAGE_STANDARD = gnu99;
				GCC_DYNAMIC_NO_PIC = NO;
				GCC_NO_COMMON_BLOCKS = YES;
				GCC_OPTIMIZATION_LEVEL = 0;
				GCC_PREPROCESSOR_DEFINITIONS = (
					"DEBUG=1",
					"$(inherited)",
				);
				GCC_SYMBOLS_PRIVATE_EXTERN = NO;
				GCC_WARN_64_TO_32_BIT_CONVERSION = YES;
				GCC_WARN_ABOUT_RETURN_TYPE = YES_ERROR;
				GCC_WARN_UNDECLARED_SELECTOR = YES;
				GCC_WARN_UNINITIALIZED_AUTOS = YES_AGGRESSIVE;
				GCC_WARN_UNUSED_FUNCTION = YES;
				GCC_WARN_UNUSED_VARIABLE = YES;
				IPHONEOS_DEPLOYMENT_TARGET = 8.4;
				MTL_ENABLE_DEBUG_INFO = YES;
				ONLY_ACTIVE_ARCH = YES;
				SDKROOT = iphoneos;
				TARGETED_DEVICE_FAMILY = "1,2";
			};
			name = Debug;
		};
		FF2CA5131B5C0389005EE193 /* Release */ = {
			isa = XCBuildConfiguration;
			buildSettings = {
				ALWAYS_SEARCH_USER_PATHS = NO;
				CLANG_CXX_LANGUAGE_STANDARD = "gnu++0x";
				CLANG_CXX_LIBRARY = "libc++";
				CLANG_ENABLE_MODULES = YES;
				CLANG_ENABLE_OBJC_ARC = YES;
				CLANG_WARN_BOOL_CONVERSION = YES;
				CLANG_WARN_CONSTANT_CONVERSION = YES;
				CLANG_WARN_DIRECT_OBJC_ISA_USAGE = YES_ERROR;
				CLANG_WARN_EMPTY_BODY = YES;
				CLANG_WARN_ENUM_CONVERSION = YES;
				CLANG_WARN_INT_CONVERSION = YES;
				CLANG_WARN_OBJC_ROOT_CLASS = YES_ERROR;
				CLANG_WARN_UNREACHABLE_CODE = YES;
				CLANG_WARN__DUPLICATE_METHOD_MATCH = YES;
				"CODE_SIGN_IDENTITY[sdk=iphoneos*]" = "iPhone Developer";
				COPY_PHASE_STRIP = NO;
				DEBUG_INFORMATION_FORMAT = "dwarf-with-dsym";
				ENABLE_NS_ASSERTIONS = NO;
				ENABLE_STRICT_OBJC_MSGSEND = YES;
				GCC_C_LANGUAGE_STANDARD = gnu99;
				GCC_NO_COMMON_BLOCKS = YES;
				GCC_WARN_64_TO_32_BIT_CONVERSION = YES;
				GCC_WARN_ABOUT_RETURN_TYPE = YES_ERROR;
				GCC_WARN_UNDECLARED_SELECTOR = YES;
				GCC_WARN_UNINITIALIZED_AUTOS = YES_AGGRESSIVE;
				GCC_WARN_UNUSED_FUNCTION = YES;
				GCC_WARN_UNUSED_VARIABLE = YES;
				IPHONEOS_DEPLOYMENT_TARGET = 8.4;
				MTL_ENABLE_DEBUG_INFO = NO;
				SDKROOT = iphoneos;
				TARGETED_DEVICE_FAMILY = "1,2";
				VALIDATE_PRODUCT = YES;
			};
			name = Release;
		};
		FF2CA5151B5C0389005EE193 /* Debug */ = {
			isa = XCBuildConfiguration;
			buildSettings = {
				ASSETCATALOG_COMPILER_APPICON_NAME = AppIcon;
				FRAMEWORK_SEARCH_PATHS = (
					"$(inherited)",
					"$(PROJECT_DIR)/Frameworks",
				);
				INFOPLIST_FILE = IOL/Info.plist;
				LD_RUNPATH_SEARCH_PATHS = "$(inherited) @executable_path/Frameworks";
				PRODUCT_NAME = "$(TARGET_NAME)";
			};
			name = Debug;
		};
		FF2CA5161B5C0389005EE193 /* Release */ = {
			isa = XCBuildConfiguration;
			buildSettings = {
				ASSETCATALOG_COMPILER_APPICON_NAME = AppIcon;
				FRAMEWORK_SEARCH_PATHS = (
					"$(inherited)",
					"$(PROJECT_DIR)/Frameworks",
				);
				INFOPLIST_FILE = IOL/Info.plist;
				LD_RUNPATH_SEARCH_PATHS = "$(inherited) @executable_path/Frameworks";
				PRODUCT_NAME = "$(TARGET_NAME)";
			};
			name = Release;
		};
		FF2CA5181B5C0389005EE193 /* Debug */ = {
			isa = XCBuildConfiguration;
			buildSettings = {
				BUNDLE_LOADER = "$(TEST_HOST)";
				FRAMEWORK_SEARCH_PATHS = (
					"$(SDKROOT)/Developer/Library/Frameworks",
					"$(inherited)",
				);
				GCC_PREPROCESSOR_DEFINITIONS = (
					"DEBUG=1",
					"$(inherited)",
				);
				INFOPLIST_FILE = IOLTests/Info.plist;
				LD_RUNPATH_SEARCH_PATHS = "$(inherited) @executable_path/Frameworks @loader_path/Frameworks";
				PRODUCT_NAME = "$(TARGET_NAME)";
				TEST_HOST = "$(BUILT_PRODUCTS_DIR)/IOL.app/IOL";
			};
			name = Debug;
		};
		FF2CA5191B5C0389005EE193 /* Release */ = {
			isa = XCBuildConfiguration;
			buildSettings = {
				BUNDLE_LOADER = "$(TEST_HOST)";
				FRAMEWORK_SEARCH_PATHS = (
					"$(SDKROOT)/Developer/Library/Frameworks",
					"$(inherited)",
				);
				INFOPLIST_FILE = IOLTests/Info.plist;
				LD_RUNPATH_SEARCH_PATHS = "$(inherited) @executable_path/Frameworks @loader_path/Frameworks";
				PRODUCT_NAME = "$(TARGET_NAME)";
				TEST_HOST = "$(BUILT_PRODUCTS_DIR)/IOL.app/IOL";
			};
			name = Release;
		};
/* End XCBuildConfiguration section */

/* Begin XCConfigurationList section */
		FF2CA4E91B5C0389005EE193 /* Build configuration list for PBXProject "IOL" */ = {
			isa = XCConfigurationList;
			buildConfigurations = (
				FF2CA5121B5C0389005EE193 /* Debug */,
				FF2CA5131B5C0389005EE193 /* Release */,
			);
			defaultConfigurationIsVisible = 0;
			defaultConfigurationName = Release;
		};
		FF2CA5141B5C0389005EE193 /* Build configuration list for PBXNativeTarget "IOL" */ = {
			isa = XCConfigurationList;
			buildConfigurations = (
				FF2CA5151B5C0389005EE193 /* Debug */,
				FF2CA5161B5C0389005EE193 /* Release */,
			);
			defaultConfigurationIsVisible = 0;
			defaultConfigurationName = Release;
		};
		FF2CA5171B5C0389005EE193 /* Build configuration list for PBXNativeTarget "IOLTests" */ = {
			isa = XCConfigurationList;
			buildConfigurations = (
				FF2CA5181B5C0389005EE193 /* Debug */,
				FF2CA5191B5C0389005EE193 /* Release */,
			);
			defaultConfigurationIsVisible = 0;
			defaultConfigurationName = Release;
		};
/* End XCConfigurationList section */
	};
	rootObject = FF2CA4E61B5C0389005EE193 /* Project object */;
}
